
Microsoft Visual Studio Solution File, Format Version 12.00
# Visual Studio 2013
VisualStudioVersion = 12.0.30324.0
MinimumVisualStudioVersion = 10.0.40219.1
Project("{2150E333-8FDC-42A3-9474-1A3956D46DE8}") = ".nuget", ".nuget", "{E475E16D-B561-40F2-8D0E-1F832C0F884B}"
	ProjectSection(SolutionItems) = preProject
		.nuget\NuGet.Config = .nuget\NuGet.Config
		.nuget\NuGet.exe = .nuget\NuGet.exe
		.nuget\NuGet.targets = .nuget\NuGet.targets
	EndProjectSection
EndProject
Project("{FAE04EC0-301F-11D3-BF4B-00C04F79EFBC}") = "P3bble.PCL", "P3bble.PCL\P3bble.PCL.csproj", "{76E03460-2CD0-4580-ADA0-A5FE68CB7E1C}"
EndProject
Project("{FAE04EC0-301F-11D3-BF4B-00C04F79EFBC}") = "P3bble8.1", "P3bble8.1\P3bble8.1.csproj", "{91AE1772-4BB4-4215-A5A7-3C42893BEFE4}"
EndProject
Project("{FAE04EC0-301F-11D3-BF4B-00C04F79EFBC}") = "P3bble.Core-8.1", "P3bble.Core-8.1\P3bble.Core-8.1.csproj", "{72E5AA0E-3986-42D2-B048-324DC046DD75}"
EndProject
Global
	GlobalSection(SolutionConfigurationPlatforms) = preSolution
		Debug|Any CPU = Debug|Any CPU
		Debug|ARM = Debug|ARM
		Debug|x64 = Debug|x64
		Debug|x86 = Debug|x86
		Release|Any CPU = Release|Any CPU
		Release|ARM = Release|ARM
		Release|x64 = Release|x64
		Release|x86 = Release|x86
	EndGlobalSection
	GlobalSection(ProjectConfigurationPlatforms) = postSolution
		{76E03460-2CD0-4580-ADA0-A5FE68CB7E1C}.Debug|Any CPU.ActiveCfg = Debug|Any CPU
		{76E03460-2CD0-4580-ADA0-A5FE68CB7E1C}.Debug|Any CPU.Build.0 = Debug|Any CPU
		{76E03460-2CD0-4580-ADA0-A5FE68CB7E1C}.Debug|ARM.ActiveCfg = Debug|Any CPU
		{76E03460-2CD0-4580-ADA0-A5FE68CB7E1C}.Debug|x64.ActiveCfg = Debug|Any CPU
		{76E03460-2CD0-4580-ADA0-A5FE68CB7E1C}.Debug|x86.ActiveCfg = Debug|Any CPU
		{76E03460-2CD0-4580-ADA0-A5FE68CB7E1C}.Release|Any CPU.ActiveCfg = Release|Any CPU
		{76E03460-2CD0-4580-ADA0-A5FE68CB7E1C}.Release|Any CPU.Build.0 = Release|Any CPU
		{76E03460-2CD0-4580-ADA0-A5FE68CB7E1C}.Release|ARM.ActiveCfg = Release|Any CPU
		{76E03460-2CD0-4580-ADA0-A5FE68CB7E1C}.Release|x64.ActiveCfg = Release|Any CPU
		{76E03460-2CD0-4580-ADA0-A5FE68CB7E1C}.Release|x86.ActiveCfg = Release|Any CPU
		{91AE1772-4BB4-4215-A5A7-3C42893BEFE4}.Debug|Any CPU.ActiveCfg = Debug|Any CPU
		{91AE1772-4BB4-4215-A5A7-3C42893BEFE4}.Debug|Any CPU.Build.0 = Debug|Any CPU
		{91AE1772-4BB4-4215-A5A7-3C42893BEFE4}.Debug|Any CPU.Deploy.0 = Debug|Any CPU
		{91AE1772-4BB4-4215-A5A7-3C42893BEFE4}.Debug|ARM.ActiveCfg = Debug|ARM
		{91AE1772-4BB4-4215-A5A7-3C42893BEFE4}.Debug|ARM.Build.0 = Debug|ARM
		{91AE1772-4BB4-4215-A5A7-3C42893BEFE4}.Debug|ARM.Deploy.0 = Debug|ARM
		{91AE1772-4BB4-4215-A5A7-3C42893BEFE4}.Debug|x64.ActiveCfg = Debug|Any CPU
		{91AE1772-4BB4-4215-A5A7-3C42893BEFE4}.Debug|x86.ActiveCfg = Debug|x86
		{91AE1772-4BB4-4215-A5A7-3C42893BEFE4}.Debug|x86.Build.0 = Debug|x86
		{91AE1772-4BB4-4215-A5A7-3C42893BEFE4}.Debug|x86.Deploy.0 = Debug|x86
		{91AE1772-4BB4-4215-A5A7-3C42893BEFE4}.Release|Any CPU.ActiveCfg = Release|Any CPU
		{91AE1772-4BB4-4215-A5A7-3C42893BEFE4}.Release|Any CPU.Build.0 = Release|Any CPU
		{91AE1772-4BB4-4215-A5A7-3C42893BEFE4}.Release|Any CPU.Deploy.0 = Release|Any CPU
		{91AE1772-4BB4-4215-A5A7-3C42893BEFE4}.Release|ARM.ActiveCfg = Release|ARM
		{91AE1772-4BB4-4215-A5A7-3C42893BEFE4}.Release|ARM.Build.0 = Release|ARM
		{91AE1772-4BB4-4215-A5A7-3C42893BEFE4}.Release|ARM.Deploy.0 = Release|ARM
		{91AE1772-4BB4-4215-A5A7-3C42893BEFE4}.Release|x64.ActiveCfg = Release|Any CPU
		{91AE1772-4BB4-4215-A5A7-3C42893BEFE4}.Release|x86.ActiveCfg = Release|x86
		{91AE1772-4BB4-4215-A5A7-3C42893BEFE4}.Release|x86.Build.0 = Release|x86
		{91AE1772-4BB4-4215-A5A7-3C42893BEFE4}.Release|x86.Deploy.0 = Release|x86
		{72E5AA0E-3986-42D2-B048-324DC046DD75}.Debug|Any CPU.ActiveCfg = Debug|Any CPU
		{72E5AA0E-3986-42D2-B048-324DC046DD75}.Debug|Any CPU.Build.0 = Debug|Any CPU
		{72E5AA0E-3986-42D2-B048-324DC046DD75}.Debug|ARM.ActiveCfg = Debug|ARM
		{72E5AA0E-3986-42D2-B048-324DC046DD75}.Debug|ARM.Build.0 = Debug|ARM
		{72E5AA0E-3986-42D2-B048-324DC046DD75}.Debug|x64.ActiveCfg = Debug|Any CPU
		{72E5AA0E-3986-42D2-B048-324DC046DD75}.Debug|x86.ActiveCfg = Debug|x86
		{72E5AA0E-3986-42D2-B048-324DC046DD75}.Debug|x86.Build.0 = Debug|x86
		{72E5AA0E-3986-42D2-B048-324DC046DD75}.Release|Any CPU.ActiveCfg = Release|Any CPU
		{72E5AA0E-3986-42D2-B048-324DC046DD75}.Release|Any CPU.Build.0 = Release|Any CPU
		{72E5AA0E-3986-42D2-B048-324DC046DD75}.Release|ARM.ActiveCfg = Release|ARM
		{72E5AA0E-3986-42D2-B048-324DC046DD75}.Release|ARM.Build.0 = Release|ARM
		{72E5AA0E-3986-42D2-B048-324DC046DD75}.Release|x64.ActiveCfg = Release|Any CPU
		{72E5AA0E-3986-42D2-B048-324DC046DD75}.Release|x86.ActiveCfg = Release|x86
		{72E5AA0E-3986-42D2-B048-324DC046DD75}.Release|x86.Build.0 = Release|x86
	EndGlobalSection
	GlobalSection(SolutionProperties) = preSolution
		HideSolutionNode = FALSE
	EndGlobalSection
EndGlobal
