
Microsoft Visual Studio Solution File, Format Version 12.00
# Visual Studio 2012
Project("{FAE04EC0-301F-11D3-BF4B-00C04F79EFBC}") = "P3bble", "P3bble\P3bble.csproj", "{D9F5B064-FB66-49D5-9C2A-097BD85EBCCB}"
EndProject
Project("{FAE04EC0-301F-11D3-BF4B-00C04F79EFBC}") = "P3bble.Core", "P3bble.Core\P3bble.Core.csproj", "{F5894170-64DE-4859-AFF8-B4F01CBCAFB3}"
EndProject
Project("{FAE04EC0-301F-11D3-BF4B-00C04F79EFBC}") = "P3bbleWinRT.Core", "P3bbleWinRT.Core\P3bbleWinRT.Core.csproj", "{FC39CA95-4125-418E-A0AB-3C1CF79689BC}"
EndProject
Project("{FAE04EC0-301F-11D3-BF4B-00C04F79EFBC}") = "P3bbleWinRT", "P3bbleWinRT\P3bbleWinRT.csproj", "{34FD5655-AE7C-4728-9AEE-82BFD17DC2C1}"
EndProject
Global
	GlobalSection(SolutionConfigurationPlatforms) = preSolution
		Debug|Any CPU = Debug|Any CPU
		Debug|ARM = Debug|ARM
		Debug|x64 = Debug|x64
		Debug|x86 = Debug|x86
		Release|Any CPU = Release|Any CPU
		Release|ARM = Release|ARM
		Release|x64 = Release|x64
		Release|x86 = Release|x86
	EndGlobalSection
	GlobalSection(ProjectConfigurationPlatforms) = postSolution
		{D9F5B064-FB66-49D5-9C2A-097BD85EBCCB}.Debug|Any CPU.ActiveCfg = Debug|ARM
		{D9F5B064-FB66-49D5-9C2A-097BD85EBCCB}.Debug|Any CPU.Build.0 = Debug|ARM
		{D9F5B064-FB66-49D5-9C2A-097BD85EBCCB}.Debug|Any CPU.Deploy.0 = Debug|ARM
		{D9F5B064-FB66-49D5-9C2A-097BD85EBCCB}.Debug|ARM.ActiveCfg = Debug|ARM
		{D9F5B064-FB66-49D5-9C2A-097BD85EBCCB}.Debug|ARM.Build.0 = Debug|ARM
		{D9F5B064-FB66-49D5-9C2A-097BD85EBCCB}.Debug|ARM.Deploy.0 = Debug|ARM
		{D9F5B064-FB66-49D5-9C2A-097BD85EBCCB}.Debug|x64.ActiveCfg = Debug|Any CPU
		{D9F5B064-FB66-49D5-9C2A-097BD85EBCCB}.Debug|x86.ActiveCfg = Debug|x86
		{D9F5B064-FB66-49D5-9C2A-097BD85EBCCB}.Debug|x86.Build.0 = Debug|x86
		{D9F5B064-FB66-49D5-9C2A-097BD85EBCCB}.Debug|x86.Deploy.0 = Debug|x86
		{D9F5B064-FB66-49D5-9C2A-097BD85EBCCB}.Release|Any CPU.ActiveCfg = Release|ARM
		{D9F5B064-FB66-49D5-9C2A-097BD85EBCCB}.Release|Any CPU.Build.0 = Release|ARM
		{D9F5B064-FB66-49D5-9C2A-097BD85EBCCB}.Release|Any CPU.Deploy.0 = Release|ARM
		{D9F5B064-FB66-49D5-9C2A-097BD85EBCCB}.Release|ARM.ActiveCfg = Release|ARM
		{D9F5B064-FB66-49D5-9C2A-097BD85EBCCB}.Release|ARM.Build.0 = Release|ARM
		{D9F5B064-FB66-49D5-9C2A-097BD85EBCCB}.Release|ARM.Deploy.0 = Release|ARM
		{D9F5B064-FB66-49D5-9C2A-097BD85EBCCB}.Release|x64.ActiveCfg = Release|Any CPU
		{D9F5B064-FB66-49D5-9C2A-097BD85EBCCB}.Release|x86.ActiveCfg = Release|x86
		{D9F5B064-FB66-49D5-9C2A-097BD85EBCCB}.Release|x86.Build.0 = Release|x86
		{D9F5B064-FB66-49D5-9C2A-097BD85EBCCB}.Release|x86.Deploy.0 = Release|x86
		{F5894170-64DE-4859-AFF8-B4F01CBCAFB3}.Debug|Any CPU.ActiveCfg = Debug|Any CPU
		{F5894170-64DE-4859-AFF8-B4F01CBCAFB3}.Debug|Any CPU.Build.0 = Debug|Any CPU
		{F5894170-64DE-4859-AFF8-B4F01CBCAFB3}.Debug|ARM.ActiveCfg = Debug|ARM
		{F5894170-64DE-4859-AFF8-B4F01CBCAFB3}.Debug|ARM.Build.0 = Debug|ARM
		{F5894170-64DE-4859-AFF8-B4F01CBCAFB3}.Debug|x64.ActiveCfg = Debug|Any CPU
		{F5894170-64DE-4859-AFF8-B4F01CBCAFB3}.Debug|x86.ActiveCfg = Debug|x86
		{F5894170-64DE-4859-AFF8-B4F01CBCAFB3}.Debug|x86.Build.0 = Debug|x86
		{F5894170-64DE-4859-AFF8-B4F01CBCAFB3}.Release|Any CPU.ActiveCfg = Release|Any CPU
		{F5894170-64DE-4859-AFF8-B4F01CBCAFB3}.Release|Any CPU.Build.0 = Release|Any CPU
		{F5894170-64DE-4859-AFF8-B4F01CBCAFB3}.Release|ARM.ActiveCfg = Release|ARM
		{F5894170-64DE-4859-AFF8-B4F01CBCAFB3}.Release|ARM.Build.0 = Release|ARM
		{F5894170-64DE-4859-AFF8-B4F01CBCAFB3}.Release|x64.ActiveCfg = Release|Any CPU
		{F5894170-64DE-4859-AFF8-B4F01CBCAFB3}.Release|x86.ActiveCfg = Release|x86
		{F5894170-64DE-4859-AFF8-B4F01CBCAFB3}.Release|x86.Build.0 = Release|x86
		{FC39CA95-4125-418E-A0AB-3C1CF79689BC}.Debug|Any CPU.ActiveCfg = Debug|Any CPU
		{FC39CA95-4125-418E-A0AB-3C1CF79689BC}.Debug|Any CPU.Build.0 = Debug|Any CPU
		{FC39CA95-4125-418E-A0AB-3C1CF79689BC}.Debug|ARM.ActiveCfg = Debug|ARM
		{FC39CA95-4125-418E-A0AB-3C1CF79689BC}.Debug|ARM.Build.0 = Debug|ARM
		{FC39CA95-4125-418E-A0AB-3C1CF79689BC}.Debug|x64.ActiveCfg = Debug|x64
		{FC39CA95-4125-418E-A0AB-3C1CF79689BC}.Debug|x64.Build.0 = Debug|x64
		{FC39CA95-4125-418E-A0AB-3C1CF79689BC}.Debug|x86.ActiveCfg = Debug|x86
		{FC39CA95-4125-418E-A0AB-3C1CF79689BC}.Debug|x86.Build.0 = Debug|x86
		{FC39CA95-4125-418E-A0AB-3C1CF79689BC}.Release|Any CPU.ActiveCfg = Release|Any CPU
		{FC39CA95-4125-418E-A0AB-3C1CF79689BC}.Release|Any CPU.Build.0 = Release|Any CPU
		{FC39CA95-4125-418E-A0AB-3C1CF79689BC}.Release|ARM.ActiveCfg = Release|ARM
		{FC39CA95-4125-418E-A0AB-3C1CF79689BC}.Release|ARM.Build.0 = Release|ARM
		{FC39CA95-4125-418E-A0AB-3C1CF79689BC}.Release|x64.ActiveCfg = Release|x64
		{FC39CA95-4125-418E-A0AB-3C1CF79689BC}.Release|x64.Build.0 = Release|x64
		{FC39CA95-4125-418E-A0AB-3C1CF79689BC}.Release|x86.ActiveCfg = Release|x86
		{FC39CA95-4125-418E-A0AB-3C1CF79689BC}.Release|x86.Build.0 = Release|x86
		{34FD5655-AE7C-4728-9AEE-82BFD17DC2C1}.Debug|Any CPU.ActiveCfg = Debug|Any CPU
		{34FD5655-AE7C-4728-9AEE-82BFD17DC2C1}.Debug|Any CPU.Build.0 = Debug|Any CPU
		{34FD5655-AE7C-4728-9AEE-82BFD17DC2C1}.Debug|Any CPU.Deploy.0 = Debug|Any CPU
		{34FD5655-AE7C-4728-9AEE-82BFD17DC2C1}.Debug|ARM.ActiveCfg = Debug|ARM
		{34FD5655-AE7C-4728-9AEE-82BFD17DC2C1}.Debug|ARM.Build.0 = Debug|ARM
		{34FD5655-AE7C-4728-9AEE-82BFD17DC2C1}.Debug|ARM.Deploy.0 = Debug|ARM
		{34FD5655-AE7C-4728-9AEE-82BFD17DC2C1}.Debug|x64.ActiveCfg = Debug|x64
		{34FD5655-AE7C-4728-9AEE-82BFD17DC2C1}.Debug|x64.Build.0 = Debug|x64
		{34FD5655-AE7C-4728-9AEE-82BFD17DC2C1}.Debug|x64.Deploy.0 = Debug|x64
		{34FD5655-AE7C-4728-9AEE-82BFD17DC2C1}.Debug|x86.ActiveCfg = Debug|x86
		{34FD5655-AE7C-4728-9AEE-82BFD17DC2C1}.Debug|x86.Build.0 = Debug|x86
		{34FD5655-AE7C-4728-9AEE-82BFD17DC2C1}.Debug|x86.Deploy.0 = Debug|x86
		{34FD5655-AE7C-4728-9AEE-82BFD17DC2C1}.Release|Any CPU.ActiveCfg = Release|Any CPU
		{34FD5655-AE7C-4728-9AEE-82BFD17DC2C1}.Release|Any CPU.Build.0 = Release|Any CPU
		{34FD5655-AE7C-4728-9AEE-82BFD17DC2C1}.Release|Any CPU.Deploy.0 = Release|Any CPU
		{34FD5655-AE7C-4728-9AEE-82BFD17DC2C1}.Release|ARM.ActiveCfg = Release|ARM
		{34FD5655-AE7C-4728-9AEE-82BFD17DC2C1}.Release|ARM.Build.0 = Release|ARM
		{34FD5655-AE7C-4728-9AEE-82BFD17DC2C1}.Release|ARM.Deploy.0 = Release|ARM
		{34FD5655-AE7C-4728-9AEE-82BFD17DC2C1}.Release|x64.ActiveCfg = Release|x64
		{34FD5655-AE7C-4728-9AEE-82BFD17DC2C1}.Release|x64.Build.0 = Release|x64
		{34FD5655-AE7C-4728-9AEE-82BFD17DC2C1}.Release|x64.Deploy.0 = Release|x64
		{34FD5655-AE7C-4728-9AEE-82BFD17DC2C1}.Release|x86.ActiveCfg = Release|x86
		{34FD5655-AE7C-4728-9AEE-82BFD17DC2C1}.Release|x86.Build.0 = Release|x86
		{34FD5655-AE7C-4728-9AEE-82BFD17DC2C1}.Release|x86.Deploy.0 = Release|x86
	EndGlobalSection
	GlobalSection(SolutionProperties) = preSolution
		HideSolutionNode = FALSE
	EndGlobalSection
EndGlobal
